
Microsoft Visual Studio Solution File, Format Version 11.00
# Visual Studio 2010
Project("{FAE04EC0-301F-11D3-BF4B-00C04F79EFBC}") = "Assembly-CSharp", "Assembly-CSharp.csproj", "{FB309E7F-CB1E-46E9-ED19-A72239055466}"
EndProject
Global
	GlobalSection(SolutionConfigurationPlatforms) = preSolution
		Debug|Any CPU = Debug|Any CPU
		Release|Any CPU = Release|Any CPU
	EndGlobalSection
	GlobalSection(ProjectConfigurationPlatforms) = postSolution
		{FB309E7F-CB1E-46E9-ED19-A72239055466}.Debug|Any CPU.ActiveCfg = Debug|Any CPU
		{FB309E7F-CB1E-46E9-ED19-A72239055466}.Debug|Any CPU.Build.0 = Debug|Any CPU
		{FB309E7F-CB1E-46E9-ED19-A72239055466}.Release|Any CPU.ActiveCfg = Release|Any CPU
		{FB309E7F-CB1E-46E9-ED19-A72239055466}.Release|Any CPU.Build.0 = Release|Any CPU
	EndGlobalSection
	GlobalSection(SolutionProperties) = preSolution
		HideSolutionNode = FALSE
	EndGlobalSection
EndGlobal
